
Microsoft Visual Studio Solution File, Format Version 12.00
# Visual Studio 15
VisualStudioVersion = 15.0.26124.0
MinimumVisualStudioVersion = 15.0.26124.0
Project("{FAE04EC0-301F-11D3-BF4B-00C04F79EFBC}") = "Personalizer", "Personalizer\Personalizer.csproj", "{F9AC93AD-2FF9-440A-856D-32B246259FBF}"
EndProject
Project("{FAE04EC0-301F-11D3-BF4B-00C04F79EFBC}") = "PersonalizerService", "PersonalizerService\PersonalizerService.csproj", "{A173AC0D-59AB-4F66-BFCF-D56A87FB3EC3}"
EndProject
Project("{FAE04EC0-301F-11D3-BF4B-00C04F79EFBC}") = "UnitTests", "UnitTests\UnitTests.csproj", "{91AF631C-FA11-46A5-81B6-F93DC73612D9}"
EndProject
Global
	GlobalSection(SolutionConfigurationPlatforms) = preSolution
		Debug|Any CPU = Debug|Any CPU
		Debug|x64 = Debug|x64
		Debug|x86 = Debug|x86
		Release|Any CPU = Release|Any CPU
		Release|x64 = Release|x64
		Release|x86 = Release|x86
	EndGlobalSection
	GlobalSection(SolutionProperties) = preSolution
		HideSolutionNode = FALSE
	EndGlobalSection
	GlobalSection(ProjectConfigurationPlatforms) = postSolution
		{F9AC93AD-2FF9-440A-856D-32B246259FBF}.Debug|Any CPU.ActiveCfg = Debug|Any CPU
		{F9AC93AD-2FF9-440A-856D-32B246259FBF}.Debug|Any CPU.Build.0 = Debug|Any CPU
		{F9AC93AD-2FF9-440A-856D-32B246259FBF}.Debug|x64.ActiveCfg = Debug|Any CPU
		{F9AC93AD-2FF9-440A-856D-32B246259FBF}.Debug|x64.Build.0 = Debug|Any CPU
		{F9AC93AD-2FF9-440A-856D-32B246259FBF}.Debug|x86.ActiveCfg = Debug|Any CPU
		{F9AC93AD-2FF9-440A-856D-32B246259FBF}.Debug|x86.Build.0 = Debug|Any CPU
		{F9AC93AD-2FF9-440A-856D-32B246259FBF}.Release|Any CPU.ActiveCfg = Release|Any CPU
		{F9AC93AD-2FF9-440A-856D-32B246259FBF}.Release|Any CPU.Build.0 = Release|Any CPU
		{F9AC93AD-2FF9-440A-856D-32B246259FBF}.Release|x64.ActiveCfg = Release|Any CPU
		{F9AC93AD-2FF9-440A-856D-32B246259FBF}.Release|x64.Build.0 = Release|Any CPU
		{F9AC93AD-2FF9-440A-856D-32B246259FBF}.Release|x86.ActiveCfg = Release|Any CPU
		{F9AC93AD-2FF9-440A-856D-32B246259FBF}.Release|x86.Build.0 = Release|Any CPU
		{A173AC0D-59AB-4F66-BFCF-D56A87FB3EC3}.Debug|Any CPU.ActiveCfg = Debug|Any CPU
		{A173AC0D-59AB-4F66-BFCF-D56A87FB3EC3}.Debug|Any CPU.Build.0 = Debug|Any CPU
		{A173AC0D-59AB-4F66-BFCF-D56A87FB3EC3}.Debug|x64.ActiveCfg = Debug|Any CPU
		{A173AC0D-59AB-4F66-BFCF-D56A87FB3EC3}.Debug|x64.Build.0 = Debug|Any CPU
		{A173AC0D-59AB-4F66-BFCF-D56A87FB3EC3}.Debug|x86.ActiveCfg = Debug|Any CPU
		{A173AC0D-59AB-4F66-BFCF-D56A87FB3EC3}.Debug|x86.Build.0 = Debug|Any CPU
		{A173AC0D-59AB-4F66-BFCF-D56A87FB3EC3}.Release|Any CPU.ActiveCfg = Release|Any CPU
		{A173AC0D-59AB-4F66-BFCF-D56A87FB3EC3}.Release|Any CPU.Build.0 = Release|Any CPU
		{A173AC0D-59AB-4F66-BFCF-D56A87FB3EC3}.Release|x64.ActiveCfg = Release|Any CPU
		{A173AC0D-59AB-4F66-BFCF-D56A87FB3EC3}.Release|x64.Build.0 = Release|Any CPU
		{A173AC0D-59AB-4F66-BFCF-D56A87FB3EC3}.Release|x86.ActiveCfg = Release|Any CPU
		{A173AC0D-59AB-4F66-BFCF-D56A87FB3EC3}.Release|x86.Build.0 = Release|Any CPU
		{91AF631C-FA11-46A5-81B6-F93DC73612D9}.Debug|Any CPU.ActiveCfg = Debug|Any CPU
		{91AF631C-FA11-46A5-81B6-F93DC73612D9}.Debug|Any CPU.Build.0 = Debug|Any CPU
		{91AF631C-FA11-46A5-81B6-F93DC73612D9}.Debug|x64.ActiveCfg = Debug|Any CPU
		{91AF631C-FA11-46A5-81B6-F93DC73612D9}.Debug|x64.Build.0 = Debug|Any CPU
		{91AF631C-FA11-46A5-81B6-F93DC73612D9}.Debug|x86.ActiveCfg = Debug|Any CPU
		{91AF631C-FA11-46A5-81B6-F93DC73612D9}.Debug|x86.Build.0 = Debug|Any CPU
		{91AF631C-FA11-46A5-81B6-F93DC73612D9}.Release|Any CPU.ActiveCfg = Release|Any CPU
		{91AF631C-FA11-46A5-81B6-F93DC73612D9}.Release|Any CPU.Build.0 = Release|Any CPU
		{91AF631C-FA11-46A5-81B6-F93DC73612D9}.Release|x64.ActiveCfg = Release|Any CPU
		{91AF631C-FA11-46A5-81B6-F93DC73612D9}.Release|x64.Build.0 = Release|Any CPU
		{91AF631C-FA11-46A5-81B6-F93DC73612D9}.Release|x86.ActiveCfg = Release|Any CPU
		{91AF631C-FA11-46A5-81B6-F93DC73612D9}.Release|x86.Build.0 = Release|Any CPU
	EndGlobalSection
EndGlobal
